
Microsoft Visual Studio Solution File, Format Version 12.00
# Visual Studio Version 16
VisualStudioVersion = 16.0.30907.101
MinimumVisualStudioVersion = 10.0.40219.1
Project("{535C04D7-A2A5-47C7-83E0-B340A995CD1F}") = "FinalProject", "FinalProject\FinalProject.cblproj", "{BE93E30B-28AA-480E-BC18-97A722FD5C9B}"
	ProjectSection(ProjectDependencies) = postProject
		{73D91638-C8A1-40D0-B580-5020398FB7E7} = {73D91638-C8A1-40D0-B580-5020398FB7E7}
		{06122EB8-31DD-45B1-AE8A-A50D4CB267D2} = {06122EB8-31DD-45B1-AE8A-A50D4CB267D2}
	EndProjectSection
EndProject
Project("{535C04D7-A2A5-47C7-83E0-B340A995CD1F}") = "DATASPLITCOUNT", "DATASPLITCOUNT\DATASPLITCOUNT.cblproj", "{4C85D450-F6EF-4789-9075-DB8E249FE82D}"
EndProject
Project("{535C04D7-A2A5-47C7-83E0-B340A995CD1F}") = "SandLProcessing", "SandLProcessing\SandLProcessing.cblproj", "{73D91638-C8A1-40D0-B580-5020398FB7E7}"
EndProject
Project("{535C04D7-A2A5-47C7-83E0-B340A995CD1F}") = "RETURNS PROCESSING", "RETURNS PROCESSING\RETURNS PROCESSING.cblproj", "{06122EB8-31DD-45B1-AE8A-A50D4CB267D2}"
EndProject
Global
	GlobalSection(SolutionConfigurationPlatforms) = preSolution
		Debug|Any CPU = Debug|Any CPU
		Debug|x86 = Debug|x86
		Release|Any CPU = Release|Any CPU
		Release|x86 = Release|x86
	EndGlobalSection
	GlobalSection(ProjectConfigurationPlatforms) = postSolution
		{BE93E30B-28AA-480E-BC18-97A722FD5C9B}.Debug|Any CPU.ActiveCfg = Debug|Any CPU
		{BE93E30B-28AA-480E-BC18-97A722FD5C9B}.Debug|Any CPU.Build.0 = Debug|Any CPU
		{BE93E30B-28AA-480E-BC18-97A722FD5C9B}.Debug|x86.ActiveCfg = Debug|Any CPU
		{BE93E30B-28AA-480E-BC18-97A722FD5C9B}.Debug|x86.Build.0 = Debug|Any CPU
		{BE93E30B-28AA-480E-BC18-97A722FD5C9B}.Release|Any CPU.ActiveCfg = Debug|Any CPU
		{BE93E30B-28AA-480E-BC18-97A722FD5C9B}.Release|Any CPU.Build.0 = Debug|Any CPU
		{BE93E30B-28AA-480E-BC18-97A722FD5C9B}.Release|x86.ActiveCfg = Release|Any CPU
		{BE93E30B-28AA-480E-BC18-97A722FD5C9B}.Release|x86.Build.0 = Release|Any CPU
		{4C85D450-F6EF-4789-9075-DB8E249FE82D}.Debug|Any CPU.ActiveCfg = Debug|x86
		{4C85D450-F6EF-4789-9075-DB8E249FE82D}.Debug|x86.ActiveCfg = Debug|x86
		{4C85D450-F6EF-4789-9075-DB8E249FE82D}.Debug|x86.Build.0 = Debug|x86
		{4C85D450-F6EF-4789-9075-DB8E249FE82D}.Release|Any CPU.ActiveCfg = Release|x86
		{4C85D450-F6EF-4789-9075-DB8E249FE82D}.Release|x86.ActiveCfg = Release|x86
		{4C85D450-F6EF-4789-9075-DB8E249FE82D}.Release|x86.Build.0 = Release|x86
		{73D91638-C8A1-40D0-B580-5020398FB7E7}.Debug|Any CPU.ActiveCfg = Debug|Any CPU
		{73D91638-C8A1-40D0-B580-5020398FB7E7}.Debug|Any CPU.Build.0 = Debug|Any CPU
		{73D91638-C8A1-40D0-B580-5020398FB7E7}.Debug|x86.ActiveCfg = Debug|Any CPU
		{73D91638-C8A1-40D0-B580-5020398FB7E7}.Debug|x86.Build.0 = Debug|Any CPU
		{73D91638-C8A1-40D0-B580-5020398FB7E7}.Release|Any CPU.ActiveCfg = Release|Any CPU
		{73D91638-C8A1-40D0-B580-5020398FB7E7}.Release|Any CPU.Build.0 = Release|Any CPU
		{73D91638-C8A1-40D0-B580-5020398FB7E7}.Release|x86.ActiveCfg = Release|Any CPU
		{73D91638-C8A1-40D0-B580-5020398FB7E7}.Release|x86.Build.0 = Release|Any CPU
		{06122EB8-31DD-45B1-AE8A-A50D4CB267D2}.Debug|Any CPU.ActiveCfg = Debug|Any CPU
		{06122EB8-31DD-45B1-AE8A-A50D4CB267D2}.Debug|Any CPU.Build.0 = Debug|Any CPU
		{06122EB8-31DD-45B1-AE8A-A50D4CB267D2}.Debug|x86.ActiveCfg = Debug|Any CPU
		{06122EB8-31DD-45B1-AE8A-A50D4CB267D2}.Debug|x86.Build.0 = Debug|Any CPU
		{06122EB8-31DD-45B1-AE8A-A50D4CB267D2}.Release|Any CPU.ActiveCfg = Release|Any CPU
		{06122EB8-31DD-45B1-AE8A-A50D4CB267D2}.Release|Any CPU.Build.0 = Release|Any CPU
		{06122EB8-31DD-45B1-AE8A-A50D4CB267D2}.Release|x86.ActiveCfg = Release|Any CPU
		{06122EB8-31DD-45B1-AE8A-A50D4CB267D2}.Release|x86.Build.0 = Release|Any CPU
	EndGlobalSection
	GlobalSection(SolutionProperties) = preSolution
		HideSolutionNode = FALSE
	EndGlobalSection
	GlobalSection(ExtensibilityGlobals) = postSolution
		SolutionGuid = {737F3CC0-5159-48AD-9C9A-B745F7F27CDB}
	EndGlobalSection
EndGlobal
